
Microsoft Visual Studio Solution File, Format Version 12.00
# Visual Studio Version 16
VisualStudioVersion = 16.0.30406.217
MinimumVisualStudioVersion = 10.0.40219.1
Project("{FAE04EC0-301F-11D3-BF4B-00C04F79EFBC}") = "ClinicaDiaz", "ClinicaDiaz\ClinicaDiaz.csproj", "{4706E38C-2441-4505-9039-7B81694A1DDA}"
EndProject
Global
	GlobalSection(SolutionConfigurationPlatforms) = preSolution
		Debug|Any CPU = Debug|Any CPU
		Release|Any CPU = Release|Any CPU
	EndGlobalSection
	GlobalSection(ProjectConfigurationPlatforms) = postSolution
		{4706E38C-2441-4505-9039-7B81694A1DDA}.Debug|Any CPU.ActiveCfg = Debug|Any CPU
		{4706E38C-2441-4505-9039-7B81694A1DDA}.Debug|Any CPU.Build.0 = Debug|Any CPU
		{4706E38C-2441-4505-9039-7B81694A1DDA}.Release|Any CPU.ActiveCfg = Release|Any CPU
		{4706E38C-2441-4505-9039-7B81694A1DDA}.Release|Any CPU.Build.0 = Release|Any CPU
	EndGlobalSection
	GlobalSection(SolutionProperties) = preSolution
		HideSolutionNode = FALSE
	EndGlobalSection
	GlobalSection(ExtensibilityGlobals) = postSolution
		SolutionGuid = {1BD549FB-76D2-4023-94BB-0B17ECBE5D3E}
	EndGlobalSection
EndGlobal
